
Microsoft Visual Studio Solution File, Format Version 12.00
# Visual Studio Version 16
VisualStudioVersion = 16.0.31515.178
MinimumVisualStudioVersion = 10.0.40219.1
Project("{FAE04EC0-301F-11D3-BF4B-00C04F79EFBC}") = "GuestBook.UnitTests", "GuestBook.UnitTests\GuestBook.UnitTests.csproj", "{3C472B54-5F5D-4476-9717-2D418B2AE380}"
EndProject
Project("{FAE04EC0-301F-11D3-BF4B-00C04F79EFBC}") = "GuestBook", "GuestBookr\GuestBook.csproj", "{7ADAE280-FF35-489F-9EAC-B3BE6D6BCC8E}"
EndProject
Global
	GlobalSection(SolutionConfigurationPlatforms) = preSolution
		Debug|Any CPU = Debug|Any CPU
		Release|Any CPU = Release|Any CPU
	EndGlobalSection
	GlobalSection(ProjectConfigurationPlatforms) = postSolution
		{3C472B54-5F5D-4476-9717-2D418B2AE380}.Debug|Any CPU.ActiveCfg = Debug|Any CPU
		{3C472B54-5F5D-4476-9717-2D418B2AE380}.Debug|Any CPU.Build.0 = Debug|Any CPU
		{3C472B54-5F5D-4476-9717-2D418B2AE380}.Release|Any CPU.ActiveCfg = Release|Any CPU
		{3C472B54-5F5D-4476-9717-2D418B2AE380}.Release|Any CPU.Build.0 = Release|Any CPU
		{7ADAE280-FF35-489F-9EAC-B3BE6D6BCC8E}.Debug|Any CPU.ActiveCfg = Debug|Any CPU
		{7ADAE280-FF35-489F-9EAC-B3BE6D6BCC8E}.Debug|Any CPU.Build.0 = Debug|Any CPU
		{7ADAE280-FF35-489F-9EAC-B3BE6D6BCC8E}.Release|Any CPU.ActiveCfg = Release|Any CPU
		{7ADAE280-FF35-489F-9EAC-B3BE6D6BCC8E}.Release|Any CPU.Build.0 = Release|Any CPU
	EndGlobalSection
	GlobalSection(SolutionProperties) = preSolution
		HideSolutionNode = FALSE
	EndGlobalSection
	GlobalSection(ExtensibilityGlobals) = postSolution
		SolutionGuid = {AEFF65A1-5CA3-4471-A211-6DBF57D098E4}
	EndGlobalSection
EndGlobal
